
Microsoft Visual Studio Solution File, Format Version 12.00
# Visual Studio Version 16
VisualStudioVersion = 16.0.30413.136
MinimumVisualStudioVersion = 10.0.40219.1
Project("{FAE04EC0-301F-11D3-BF4B-00C04F79EFBC}") = "AltaPersonas", "AltaPersonas\AltaPersonas.csproj", "{6AA8F266-C5A1-4284-9F1E-BFD822C9CB8C}"
EndProject
Global
	GlobalSection(SolutionConfigurationPlatforms) = preSolution
		Debug|Any CPU = Debug|Any CPU
		Release|Any CPU = Release|Any CPU
	EndGlobalSection
	GlobalSection(ProjectConfigurationPlatforms) = postSolution
		{6AA8F266-C5A1-4284-9F1E-BFD822C9CB8C}.Debug|Any CPU.ActiveCfg = Debug|Any CPU
		{6AA8F266-C5A1-4284-9F1E-BFD822C9CB8C}.Debug|Any CPU.Build.0 = Debug|Any CPU
		{6AA8F266-C5A1-4284-9F1E-BFD822C9CB8C}.Release|Any CPU.ActiveCfg = Release|Any CPU
		{6AA8F266-C5A1-4284-9F1E-BFD822C9CB8C}.Release|Any CPU.Build.0 = Release|Any CPU
	EndGlobalSection
	GlobalSection(SolutionProperties) = preSolution
		HideSolutionNode = FALSE
	EndGlobalSection
	GlobalSection(ExtensibilityGlobals) = postSolution
		SolutionGuid = {E98D436E-9427-4F5F-ABA5-AD00D24E5E6A}
	EndGlobalSection
EndGlobal
