
Microsoft Visual Studio Solution File, Format Version 12.00
# Visual Studio Version 16
VisualStudioVersion = 16.0.30413.136
MinimumVisualStudioVersion = 10.0.40219.1
Project("{FAE04EC0-301F-11D3-BF4B-00C04F79EFBC}") = "02ListadoPersonas", "02ListadoPersonas\02ListadoPersonas.csproj", "{F3BDB140-B48D-4AB9-8226-DBC243133058}"
EndProject
Global
	GlobalSection(SolutionConfigurationPlatforms) = preSolution
		Debug|Any CPU = Debug|Any CPU
		Release|Any CPU = Release|Any CPU
	EndGlobalSection
	GlobalSection(ProjectConfigurationPlatforms) = postSolution
		{F3BDB140-B48D-4AB9-8226-DBC243133058}.Debug|Any CPU.ActiveCfg = Debug|Any CPU
		{F3BDB140-B48D-4AB9-8226-DBC243133058}.Debug|Any CPU.Build.0 = Debug|Any CPU
		{F3BDB140-B48D-4AB9-8226-DBC243133058}.Release|Any CPU.ActiveCfg = Release|Any CPU
		{F3BDB140-B48D-4AB9-8226-DBC243133058}.Release|Any CPU.Build.0 = Release|Any CPU
	EndGlobalSection
	GlobalSection(SolutionProperties) = preSolution
		HideSolutionNode = FALSE
	EndGlobalSection
	GlobalSection(ExtensibilityGlobals) = postSolution
		SolutionGuid = {626169A7-758F-4F3A-9587-84868EBFC0A5}
	EndGlobalSection
EndGlobal
