
Microsoft Visual Studio Solution File, Format Version 12.00
# Visual Studio Version 16
VisualStudioVersion = 16.0.30413.136
MinimumVisualStudioVersion = 10.0.40219.1
Project("{FAE04EC0-301F-11D3-BF4B-00C04F79EFBC}") = "01Ejercicio", "01Ejercicio\01Ejercicio.csproj", "{68AF8DAA-88B6-47B9-8C1D-8B0A26145202}"
EndProject
Global
	GlobalSection(SolutionConfigurationPlatforms) = preSolution
		Debug|Any CPU = Debug|Any CPU
		Release|Any CPU = Release|Any CPU
	EndGlobalSection
	GlobalSection(ProjectConfigurationPlatforms) = postSolution
		{68AF8DAA-88B6-47B9-8C1D-8B0A26145202}.Debug|Any CPU.ActiveCfg = Debug|Any CPU
		{68AF8DAA-88B6-47B9-8C1D-8B0A26145202}.Debug|Any CPU.Build.0 = Debug|Any CPU
		{68AF8DAA-88B6-47B9-8C1D-8B0A26145202}.Release|Any CPU.ActiveCfg = Release|Any CPU
		{68AF8DAA-88B6-47B9-8C1D-8B0A26145202}.Release|Any CPU.Build.0 = Release|Any CPU
	EndGlobalSection
	GlobalSection(SolutionProperties) = preSolution
		HideSolutionNode = FALSE
	EndGlobalSection
	GlobalSection(ExtensibilityGlobals) = postSolution
		SolutionGuid = {2D8A1795-8FDE-4232-9146-FE838A20AD36}
	EndGlobalSection
EndGlobal
