
Microsoft Visual Studio Solution File, Format Version 12.00
# Visual Studio Version 16
VisualStudioVersion = 16.0.30413.136
MinimumVisualStudioVersion = 10.0.40219.1
Project("{FAE04EC0-301F-11D3-BF4B-00C04F79EFBC}") = "Clase01", "Clase01\Clase01.csproj", "{0BDACE42-854E-456C-8C4E-E623A8DBB34B}"
EndProject
Global
	GlobalSection(SolutionConfigurationPlatforms) = preSolution
		Debug|Any CPU = Debug|Any CPU
		Release|Any CPU = Release|Any CPU
	EndGlobalSection
	GlobalSection(ProjectConfigurationPlatforms) = postSolution
		{0BDACE42-854E-456C-8C4E-E623A8DBB34B}.Debug|Any CPU.ActiveCfg = Debug|Any CPU
		{0BDACE42-854E-456C-8C4E-E623A8DBB34B}.Debug|Any CPU.Build.0 = Debug|Any CPU
		{0BDACE42-854E-456C-8C4E-E623A8DBB34B}.Release|Any CPU.ActiveCfg = Release|Any CPU
		{0BDACE42-854E-456C-8C4E-E623A8DBB34B}.Release|Any CPU.Build.0 = Release|Any CPU
	EndGlobalSection
	GlobalSection(SolutionProperties) = preSolution
		HideSolutionNode = FALSE
	EndGlobalSection
	GlobalSection(ExtensibilityGlobals) = postSolution
		SolutionGuid = {7DEC2E93-BCBC-4B78-B2C4-D4EAF4D14BB5}
	EndGlobalSection
EndGlobal
