
Microsoft Visual Studio Solution File, Format Version 12.00
# Visual Studio Version 16
VisualStudioVersion = 16.0.30413.136
MinimumVisualStudioVersion = 10.0.40219.1
Project("{FAE04EC0-301F-11D3-BF4B-00C04F79EFBC}") = "Variables", "Variables\Variables.csproj", "{C6111AD2-E1CF-4F15-8578-29C425E970E6}"
EndProject
Global
	GlobalSection(SolutionConfigurationPlatforms) = preSolution
		Debug|Any CPU = Debug|Any CPU
		Release|Any CPU = Release|Any CPU
	EndGlobalSection
	GlobalSection(ProjectConfigurationPlatforms) = postSolution
		{C6111AD2-E1CF-4F15-8578-29C425E970E6}.Debug|Any CPU.ActiveCfg = Debug|Any CPU
		{C6111AD2-E1CF-4F15-8578-29C425E970E6}.Debug|Any CPU.Build.0 = Debug|Any CPU
		{C6111AD2-E1CF-4F15-8578-29C425E970E6}.Release|Any CPU.ActiveCfg = Release|Any CPU
		{C6111AD2-E1CF-4F15-8578-29C425E970E6}.Release|Any CPU.Build.0 = Release|Any CPU
	EndGlobalSection
	GlobalSection(SolutionProperties) = preSolution
		HideSolutionNode = FALSE
	EndGlobalSection
	GlobalSection(ExtensibilityGlobals) = postSolution
		SolutionGuid = {31C67935-690F-4933-AD35-4A1D578EEF52}
	EndGlobalSection
EndGlobal
