
Microsoft Visual Studio Solution File, Format Version 12.00
# Visual Studio Version 16
VisualStudioVersion = 16.0.30413.136
MinimumVisualStudioVersion = 10.0.40219.1
Project("{FAE04EC0-301F-11D3-BF4B-00C04F79EFBC}") = "02AmbitoVariablesFunciones", "02AmbitoVariablesFunciones\02AmbitoVariablesFunciones.csproj", "{422C100B-AD23-4774-B3D6-E097E9424E5F}"
EndProject
Global
	GlobalSection(SolutionConfigurationPlatforms) = preSolution
		Debug|Any CPU = Debug|Any CPU
		Release|Any CPU = Release|Any CPU
	EndGlobalSection
	GlobalSection(ProjectConfigurationPlatforms) = postSolution
		{422C100B-AD23-4774-B3D6-E097E9424E5F}.Debug|Any CPU.ActiveCfg = Debug|Any CPU
		{422C100B-AD23-4774-B3D6-E097E9424E5F}.Debug|Any CPU.Build.0 = Debug|Any CPU
		{422C100B-AD23-4774-B3D6-E097E9424E5F}.Release|Any CPU.ActiveCfg = Release|Any CPU
		{422C100B-AD23-4774-B3D6-E097E9424E5F}.Release|Any CPU.Build.0 = Release|Any CPU
	EndGlobalSection
	GlobalSection(SolutionProperties) = preSolution
		HideSolutionNode = FALSE
	EndGlobalSection
	GlobalSection(ExtensibilityGlobals) = postSolution
		SolutionGuid = {E87BF34B-F244-4A52-B493-74F7A8C47B09}
	EndGlobalSection
EndGlobal
